
Microsoft Visual Studio Solution File, Format Version 12.00
# Visual Studio Version 17
VisualStudioVersion = 17.3.32811.315
MinimumVisualStudioVersion = 10.0.40219.1
Project("{8BC9CEB8-8B4A-11D0-8D11-00A0C91BC942}") = "seven", "seven\seven.vcxproj", "{A77A985D-B234-4BD8-85A3-690B95999ADB}"
EndProject
Global
	GlobalSection(SolutionConfigurationPlatforms) = preSolution
		Debug|x64 = Debug|x64
		Debug|x86 = Debug|x86
		Release|x64 = Release|x64
		Release|x86 = Release|x86
	EndGlobalSection
	GlobalSection(ProjectConfigurationPlatforms) = postSolution
		{A77A985D-B234-4BD8-85A3-690B95999ADB}.Debug|x64.ActiveCfg = Debug|x64
		{A77A985D-B234-4BD8-85A3-690B95999ADB}.Debug|x64.Build.0 = Debug|x64
		{A77A985D-B234-4BD8-85A3-690B95999ADB}.Debug|x86.ActiveCfg = Debug|Win32
		{A77A985D-B234-4BD8-85A3-690B95999ADB}.Debug|x86.Build.0 = Debug|Win32
		{A77A985D-B234-4BD8-85A3-690B95999ADB}.Release|x64.ActiveCfg = Release|x64
		{A77A985D-B234-4BD8-85A3-690B95999ADB}.Release|x64.Build.0 = Release|x64
		{A77A985D-B234-4BD8-85A3-690B95999ADB}.Release|x86.ActiveCfg = Release|Win32
		{A77A985D-B234-4BD8-85A3-690B95999ADB}.Release|x86.Build.0 = Release|Win32
	EndGlobalSection
	GlobalSection(SolutionProperties) = preSolution
		HideSolutionNode = FALSE
	EndGlobalSection
	GlobalSection(ExtensibilityGlobals) = postSolution
		SolutionGuid = {CEAC7016-D451-4189-9478-64575E86DC97}
	EndGlobalSection
EndGlobal
